// !$*UTF8*$!
{
	archiveVersion = 1;
	classes = {
	};
	objectVersion = 51;
	objects = {

/* Begin PBXBuildFile section */
		11245CA2C0E3DC06D8DD8D87 /* Pods_EventChallenge.framework in Frameworks */ = {isa = PBXBuildFile; fileRef = D9FD3EC6CA198ED45AD7A5A1 /* Pods_EventChallenge.framework */; };
		7AF2BE315581B3F7BFD710A8 /* Pods_EventChallenge_EventChallengeUITests.framework in Frameworks */ = {isa = PBXBuildFile; fileRef = 6C1F792DEE656E1CC9E86895 /* Pods_EventChallenge_EventChallengeUITests.framework */; };
		A92A96BB25DB0E20004E60E7 /* AppDelegate.swift in Sources */ = {isa = PBXBuildFile; fileRef = A92A96BA25DB0E20004E60E7 /* AppDelegate.swift */; };
		A92A96C425DB0E20004E60E7 /* Assets.xcassets in Resources */ = {isa = PBXBuildFile; fileRef = A92A96C325DB0E20004E60E7 /* Assets.xcassets */; };
		A92A96C725DB0E20004E60E7 /* LaunchScreen.storyboard in Resources */ = {isa = PBXBuildFile; fileRef = A92A96C525DB0E20004E60E7 /* LaunchScreen.storyboard */; };
		A92A96D225DB0E21004E60E7 /* EventChallengeTests.swift in Sources */ = {isa = PBXBuildFile; fileRef = A92A96D125DB0E21004E60E7 /* EventChallengeTests.swift */; };
		A92A96DD25DB0E21004E60E7 /* EventChallengeUITests.swift in Sources */ = {isa = PBXBuildFile; fileRef = A92A96DC25DB0E21004E60E7 /* EventChallengeUITests.swift */; };
		A92A96FA25DB3D00004E60E7 /* Event.swift in Sources */ = {isa = PBXBuildFile; fileRef = A92A96F925DB3D00004E60E7 /* Event.swift */; };
		A92A970225DC3D92004E60E7 /* EventListServiceProtocol.swift in Sources */ = {isa = PBXBuildFile; fileRef = A92A970125DC3D92004E60E7 /* EventListServiceProtocol.swift */; };
		A92A970A25DC3F89004E60E7 /* EventListPresenterProtocol.swift in Sources */ = {isa = PBXBuildFile; fileRef = A92A970925DC3F89004E60E7 /* EventListPresenterProtocol.swift */; };
		A92A970F25DC3F9A004E60E7 /* EventListViewProtocol.swift in Sources */ = {isa = PBXBuildFile; fileRef = A92A970E25DC3F9A004E60E7 /* EventListViewProtocol.swift */; };
		A92A971725DC556F004E60E7 /* EventListService.swift in Sources */ = {isa = PBXBuildFile; fileRef = A92A971625DC556F004E60E7 /* EventListService.swift */; };
		A92A971C25DC55E0004E60E7 /* EventListPresenter.swift in Sources */ = {isa = PBXBuildFile; fileRef = A92A971B25DC55E0004E60E7 /* EventListPresenter.swift */; };
		A92A972225DC56B0004E60E7 /* EventListVC.swift in Sources */ = {isa = PBXBuildFile; fileRef = A92A972025DC56B0004E60E7 /* EventListVC.swift */; };
		A92A972325DC56B0004E60E7 /* EventListVC.xib in Resources */ = {isa = PBXBuildFile; fileRef = A92A972125DC56B0004E60E7 /* EventListVC.xib */; };
		A92A972A25DC8BBF004E60E7 /* EventListCell.swift in Sources */ = {isa = PBXBuildFile; fileRef = A92A972825DC8BBF004E60E7 /* EventListCell.swift */; };
		A92A972B25DC8BBF004E60E7 /* EventListCell.xib in Resources */ = {isa = PBXBuildFile; fileRef = A92A972925DC8BBF004E60E7 /* EventListCell.xib */; };
		A92A973A25DC9758004E60E7 /* BaseService.swift in Sources */ = {isa = PBXBuildFile; fileRef = A92A973925DC9758004E60E7 /* BaseService.swift */; };
		A92A974025DCA031004E60E7 /* Date+Format.swift in Sources */ = {isa = PBXBuildFile; fileRef = A92A973F25DCA031004E60E7 /* Date+Format.swift */; };
		A92A975325DCA4FE004E60E7 /* EventDetailsViewProtocol.swift in Sources */ = {isa = PBXBuildFile; fileRef = A92A975225DCA4FE004E60E7 /* EventDetailsViewProtocol.swift */; };
		A92A975825DCA50D004E60E7 /* EventDetailsServiceProtocol.swift in Sources */ = {isa = PBXBuildFile; fileRef = A92A975725DCA50D004E60E7 /* EventDetailsServiceProtocol.swift */; };
		A92A975D25DCA51F004E60E7 /* EventDetailsPresenterProtocol.swift in Sources */ = {isa = PBXBuildFile; fileRef = A92A975C25DCA51F004E60E7 /* EventDetailsPresenterProtocol.swift */; };
		A92A976825DCA679004E60E7 /* EventDetailsService.swift in Sources */ = {isa = PBXBuildFile; fileRef = A92A976725DCA679004E60E7 /* EventDetailsService.swift */; };
		A92A976D25DCA760004E60E7 /* EventDetailsPresenter.swift in Sources */ = {isa = PBXBuildFile; fileRef = A92A976C25DCA760004E60E7 /* EventDetailsPresenter.swift */; };
		A92A977325DCA7D4004E60E7 /* EventDetailsVC.swift in Sources */ = {isa = PBXBuildFile; fileRef = A92A977125DCA7D4004E60E7 /* EventDetailsVC.swift */; };
		A92A977425DCA7D4004E60E7 /* EventDetailsVC.xib in Resources */ = {isa = PBXBuildFile; fileRef = A92A977225DCA7D4004E60E7 /* EventDetailsVC.xib */; };
		A92A977E25DCBFA6004E60E7 /* RoundButton.swift in Sources */ = {isa = PBXBuildFile; fileRef = A92A977D25DCBFA6004E60E7 /* RoundButton.swift */; };
		A92A978C25DD1D4E004E60E7 /* EventListVCTests.swift in Sources */ = {isa = PBXBuildFile; fileRef = A92A978B25DD1D4E004E60E7 /* EventListVCTests.swift */; };
		A92A979825DD1F5D004E60E7 /* EventListVCMockSuccess.swift in Sources */ = {isa = PBXBuildFile; fileRef = A92A979725DD1F5D004E60E7 /* EventListVCMockSuccess.swift */; };
		A92A97A825DD1FE7004E60E7 /* EventListVCMockError.swift in Sources */ = {isa = PBXBuildFile; fileRef = A92A97A725DD1FE7004E60E7 /* EventListVCMockError.swift */; };
		A92A97AE25DD2066004E60E7 /* EventListServiceMock.swift in Sources */ = {isa = PBXBuildFile; fileRef = A92A97AD25DD2066004E60E7 /* EventListServiceMock.swift */; };
		A92A97B625DD2130004E60E7 /* EventListServiceErrorMock.swift in Sources */ = {isa = PBXBuildFile; fileRef = A92A97B525DD2130004E60E7 /* EventListServiceErrorMock.swift */; };
		A92A97C525DD2584004E60E7 /* EventListServiceTests.swift in Sources */ = {isa = PBXBuildFile; fileRef = A92A97C425DD2584004E60E7 /* EventListServiceTests.swift */; };
		A92A97D125DD28AB004E60E7 /* EventDetailsServiceMock.swift in Sources */ = {isa = PBXBuildFile; fileRef = A92A97D025DD28AB004E60E7 /* EventDetailsServiceMock.swift */; };
		A92A97D925DD28BB004E60E7 /* EventDetailsServiceErrorMock.swift in Sources */ = {isa = PBXBuildFile; fileRef = A92A97D825DD28BB004E60E7 /* EventDetailsServiceErrorMock.swift */; };
		A92A97DE25DD292B004E60E7 /* EventDetailsVCMockSuccess.swift in Sources */ = {isa = PBXBuildFile; fileRef = A92A97DD25DD292B004E60E7 /* EventDetailsVCMockSuccess.swift */; };
		A92A97E325DD295B004E60E7 /* EventDetailsVCMockError.swift in Sources */ = {isa = PBXBuildFile; fileRef = A92A97E225DD295B004E60E7 /* EventDetailsVCMockError.swift */; };
		A92A97EA25DD29BF004E60E7 /* EventDetailsServiceTests.swift in Sources */ = {isa = PBXBuildFile; fileRef = A92A97E925DD29BF004E60E7 /* EventDetailsServiceTests.swift */; };
		A92A97F225DD2A4A004E60E7 /* MockServiceType.swift in Sources */ = {isa = PBXBuildFile; fileRef = A92A97F125DD2A4A004E60E7 /* MockServiceType.swift */; };
		A92A97F725DD2A75004E60E7 /* EventDetailsVCTests.swift in Sources */ = {isa = PBXBuildFile; fileRef = A92A97F625DD2A75004E60E7 /* EventDetailsVCTests.swift */; };
		B7CEEADDE19A9193AB92AD9C /* Pods_EventChallengeTests.framework in Frameworks */ = {isa = PBXBuildFile; fileRef = 5E1745B1F8CC8442B7655488 /* Pods_EventChallengeTests.framework */; };
/* End PBXBuildFile section */

/* Begin PBXContainerItemProxy section */
		A92A96CE25DB0E21004E60E7 /* PBXContainerItemProxy */ = {
			isa = PBXContainerItemProxy;
			containerPortal = A92A96AF25DB0E20004E60E7 /* Project object */;
			proxyType = 1;
			remoteGlobalIDString = A92A96B625DB0E20004E60E7;
			remoteInfo = EventChallenge;
		};
		A92A96D925DB0E21004E60E7 /* PBXContainerItemProxy */ = {
			isa = PBXContainerItemProxy;
			containerPortal = A92A96AF25DB0E20004E60E7 /* Project object */;
			proxyType = 1;
			remoteGlobalIDString = A92A96B625DB0E20004E60E7;
			remoteInfo = EventChallenge;
		};
/* End PBXContainerItemProxy section */

/* Begin PBXFileReference section */
		12FDA5B64CE2AD1E0A1F34B4 /* Pods-EventChallenge-EventChallengeUITests.release.xcconfig */ = {isa = PBXFileReference; includeInIndex = 1; lastKnownFileType = text.xcconfig; name = "Pods-EventChallenge-EventChallengeUITests.release.xcconfig"; path = "Target Support Files/Pods-EventChallenge-EventChallengeUITests/Pods-EventChallenge-EventChallengeUITests.release.xcconfig"; sourceTree = "<group>"; };
		1DE5E415AD4D1E7FFABA095B /* Pods-EventChallengeTests.release.xcconfig */ = {isa = PBXFileReference; includeInIndex = 1; lastKnownFileType = text.xcconfig; name = "Pods-EventChallengeTests.release.xcconfig"; path = "Target Support Files/Pods-EventChallengeTests/Pods-EventChallengeTests.release.xcconfig"; sourceTree = "<group>"; };
		35C6638F34CF3FE0D01AF352 /* Pods-EventChallengeTests.debug.xcconfig */ = {isa = PBXFileReference; includeInIndex = 1; lastKnownFileType = text.xcconfig; name = "Pods-EventChallengeTests.debug.xcconfig"; path = "Target Support Files/Pods-EventChallengeTests/Pods-EventChallengeTests.debug.xcconfig"; sourceTree = "<group>"; };
		5E1745B1F8CC8442B7655488 /* Pods_EventChallengeTests.framework */ = {isa = PBXFileReference; explicitFileType = wrapper.framework; includeInIndex = 0; path = Pods_EventChallengeTests.framework; sourceTree = BUILT_PRODUCTS_DIR; };
		6C1F792DEE656E1CC9E86895 /* Pods_EventChallenge_EventChallengeUITests.framework */ = {isa = PBXFileReference; explicitFileType = wrapper.framework; includeInIndex = 0; path = Pods_EventChallenge_EventChallengeUITests.framework; sourceTree = BUILT_PRODUCTS_DIR; };
		A92A96B725DB0E20004E60E7 /* EventChallenge.app */ = {isa = PBXFileReference; explicitFileType = wrapper.application; includeInIndex = 0; path = EventChallenge.app; sourceTree = BUILT_PRODUCTS_DIR; };
		A92A96BA25DB0E20004E60E7 /* AppDelegate.swift */ = {isa = PBXFileReference; lastKnownFileType = sourcecode.swift; path = AppDelegate.swift; sourceTree = "<group>"; };
		A92A96C325DB0E20004E60E7 /* Assets.xcassets */ = {isa = PBXFileReference; lastKnownFileType = folder.assetcatalog; path = Assets.xcassets; sourceTree = "<group>"; };
		A92A96C625DB0E20004E60E7 /* Base */ = {isa = PBXFileReference; lastKnownFileType = file.storyboard; name = Base; path = Base.lproj/LaunchScreen.storyboard; sourceTree = "<group>"; };
		A92A96C825DB0E20004E60E7 /* Info.plist */ = {isa = PBXFileReference; lastKnownFileType = text.plist.xml; path = Info.plist; sourceTree = "<group>"; };
		A92A96CD25DB0E21004E60E7 /* EventChallengeTests.xctest */ = {isa = PBXFileReference; explicitFileType = wrapper.cfbundle; includeInIndex = 0; path = EventChallengeTests.xctest; sourceTree = BUILT_PRODUCTS_DIR; };
		A92A96D125DB0E21004E60E7 /* EventChallengeTests.swift */ = {isa = PBXFileReference; lastKnownFileType = sourcecode.swift; path = EventChallengeTests.swift; sourceTree = "<group>"; };
		A92A96D325DB0E21004E60E7 /* Info.plist */ = {isa = PBXFileReference; lastKnownFileType = text.plist.xml; path = Info.plist; sourceTree = "<group>"; };
		A92A96D825DB0E21004E60E7 /* EventChallengeUITests.xctest */ = {isa = PBXFileReference; explicitFileType = wrapper.cfbundle; includeInIndex = 0; path = EventChallengeUITests.xctest; sourceTree = BUILT_PRODUCTS_DIR; };
		A92A96DC25DB0E21004E60E7 /* EventChallengeUITests.swift */ = {isa = PBXFileReference; lastKnownFileType = sourcecode.swift; path = EventChallengeUITests.swift; sourceTree = "<group>"; };
		A92A96DE25DB0E21004E60E7 /* Info.plist */ = {isa = PBXFileReference; lastKnownFileType = text.plist.xml; path = Info.plist; sourceTree = "<group>"; };
		A92A96F925DB3D00004E60E7 /* Event.swift */ = {isa = PBXFileReference; lastKnownFileType = sourcecode.swift; path = Event.swift; sourceTree = "<group>"; };
		A92A970125DC3D92004E60E7 /* EventListServiceProtocol.swift */ = {isa = PBXFileReference; lastKnownFileType = sourcecode.swift; path = EventListServiceProtocol.swift; sourceTree = "<group>"; };
		A92A970925DC3F89004E60E7 /* EventListPresenterProtocol.swift */ = {isa = PBXFileReference; lastKnownFileType = sourcecode.swift; path = EventListPresenterProtocol.swift; sourceTree = "<group>"; };
		A92A970E25DC3F9A004E60E7 /* EventListViewProtocol.swift */ = {isa = PBXFileReference; lastKnownFileType = sourcecode.swift; path = EventListViewProtocol.swift; sourceTree = "<group>"; };
		A92A971625DC556F004E60E7 /* EventListService.swift */ = {isa = PBXFileReference; lastKnownFileType = sourcecode.swift; path = EventListService.swift; sourceTree = "<group>"; };
		A92A971B25DC55E0004E60E7 /* EventListPresenter.swift */ = {isa = PBXFileReference; lastKnownFileType = sourcecode.swift; path = EventListPresenter.swift; sourceTree = "<group>"; };
		A92A972025DC56B0004E60E7 /* EventListVC.swift */ = {isa = PBXFileReference; lastKnownFileType = sourcecode.swift; path = EventListVC.swift; sourceTree = "<group>"; };
		A92A972125DC56B0004E60E7 /* EventListVC.xib */ = {isa = PBXFileReference; lastKnownFileType = file.xib; path = EventListVC.xib; sourceTree = "<group>"; };
		A92A972825DC8BBF004E60E7 /* EventListCell.swift */ = {isa = PBXFileReference; lastKnownFileType = sourcecode.swift; path = EventListCell.swift; sourceTree = "<group>"; };
		A92A972925DC8BBF004E60E7 /* EventListCell.xib */ = {isa = PBXFileReference; lastKnownFileType = file.xib; path = EventListCell.xib; sourceTree = "<group>"; };
		A92A973925DC9758004E60E7 /* BaseService.swift */ = {isa = PBXFileReference; lastKnownFileType = sourcecode.swift; path = BaseService.swift; sourceTree = "<group>"; };
		A92A973F25DCA031004E60E7 /* Date+Format.swift */ = {isa = PBXFileReference; lastKnownFileType = sourcecode.swift; path = "Date+Format.swift"; sourceTree = "<group>"; };
		A92A975225DCA4FE004E60E7 /* EventDetailsViewProtocol.swift */ = {isa = PBXFileReference; lastKnownFileType = sourcecode.swift; path = EventDetailsViewProtocol.swift; sourceTree = "<group>"; };
		A92A975725DCA50D004E60E7 /* EventDetailsServiceProtocol.swift */ = {isa = PBXFileReference; lastKnownFileType = sourcecode.swift; path = EventDetailsServiceProtocol.swift; sourceTree = "<group>"; };
		A92A975C25DCA51F004E60E7 /* EventDetailsPresenterProtocol.swift */ = {isa = PBXFileReference; lastKnownFileType = sourcecode.swift; path = EventDetailsPresenterProtocol.swift; sourceTree = "<group>"; };
		A92A976725DCA679004E60E7 /* EventDetailsService.swift */ = {isa = PBXFileReference; lastKnownFileType = sourcecode.swift; path = EventDetailsService.swift; sourceTree = "<group>"; };
		A92A976C25DCA760004E60E7 /* EventDetailsPresenter.swift */ = {isa = PBXFileReference; lastKnownFileType = sourcecode.swift; path = EventDetailsPresenter.swift; sourceTree = "<group>"; };
		A92A977125DCA7D4004E60E7 /* EventDetailsVC.swift */ = {isa = PBXFileReference; lastKnownFileType = sourcecode.swift; path = EventDetailsVC.swift; sourceTree = "<group>"; };
		A92A977225DCA7D4004E60E7 /* EventDetailsVC.xib */ = {isa = PBXFileReference; lastKnownFileType = file.xib; path = EventDetailsVC.xib; sourceTree = "<group>"; };
		A92A977D25DCBFA6004E60E7 /* RoundButton.swift */ = {isa = PBXFileReference; lastKnownFileType = sourcecode.swift; path = RoundButton.swift; sourceTree = "<group>"; };
		A92A978B25DD1D4E004E60E7 /* EventListVCTests.swift */ = {isa = PBXFileReference; lastKnownFileType = sourcecode.swift; path = EventListVCTests.swift; sourceTree = "<group>"; };
		A92A979725DD1F5D004E60E7 /* EventListVCMockSuccess.swift */ = {isa = PBXFileReference; lastKnownFileType = sourcecode.swift; path = EventListVCMockSuccess.swift; sourceTree = "<group>"; };
		A92A97A725DD1FE7004E60E7 /* EventListVCMockError.swift */ = {isa = PBXFileReference; lastKnownFileType = sourcecode.swift; path = EventListVCMockError.swift; sourceTree = "<group>"; };
		A92A97AD25DD2066004E60E7 /* EventListServiceMock.swift */ = {isa = PBXFileReference; lastKnownFileType = sourcecode.swift; path = EventListServiceMock.swift; sourceTree = "<group>"; };
		A92A97B525DD2130004E60E7 /* EventListServiceErrorMock.swift */ = {isa = PBXFileReference; lastKnownFileType = sourcecode.swift; path = EventListServiceErrorMock.swift; sourceTree = "<group>"; };
		A92A97C425DD2584004E60E7 /* EventListServiceTests.swift */ = {isa = PBXFileReference; lastKnownFileType = sourcecode.swift; path = EventListServiceTests.swift; sourceTree = "<group>"; };
		A92A97D025DD28AB004E60E7 /* EventDetailsServiceMock.swift */ = {isa = PBXFileReference; lastKnownFileType = sourcecode.swift; path = EventDetailsServiceMock.swift; sourceTree = "<group>"; };
		A92A97D825DD28BB004E60E7 /* EventDetailsServiceErrorMock.swift */ = {isa = PBXFileReference; lastKnownFileType = sourcecode.swift; path = EventDetailsServiceErrorMock.swift; sourceTree = "<group>"; };
		A92A97DD25DD292B004E60E7 /* EventDetailsVCMockSuccess.swift */ = {isa = PBXFileReference; lastKnownFileType = sourcecode.swift; path = EventDetailsVCMockSuccess.swift; sourceTree = "<group>"; };
		A92A97E225DD295B004E60E7 /* EventDetailsVCMockError.swift */ = {isa = PBXFileReference; lastKnownFileType = sourcecode.swift; path = EventDetailsVCMockError.swift; sourceTree = "<group>"; };
		A92A97E925DD29BF004E60E7 /* EventDetailsServiceTests.swift */ = {isa = PBXFileReference; lastKnownFileType = sourcecode.swift; path = EventDetailsServiceTests.swift; sourceTree = "<group>"; };
		A92A97F125DD2A4A004E60E7 /* MockServiceType.swift */ = {isa = PBXFileReference; lastKnownFileType = sourcecode.swift; path = MockServiceType.swift; sourceTree = "<group>"; };
		A92A97F625DD2A75004E60E7 /* EventDetailsVCTests.swift */ = {isa = PBXFileReference; lastKnownFileType = sourcecode.swift; path = EventDetailsVCTests.swift; sourceTree = "<group>"; };
		A9E253E12C8264DA00D35144 /* Pods-EventChallenge-EventChallengeUITests.debug.xcconfig */ = {isa = PBXFileReference; includeInIndex = 1; lastKnownFileType = text.xcconfig; name = "Pods-EventChallenge-EventChallengeUITests.debug.xcconfig"; path = "Target Support Files/Pods-EventChallenge-EventChallengeUITests/Pods-EventChallenge-EventChallengeUITests.debug.xcconfig"; sourceTree = "<group>"; };
		C1A1CEE9C2BB5C7B4F505F05 /* Pods-EventChallenge.debug.xcconfig */ = {isa = PBXFileReference; includeInIndex = 1; lastKnownFileType = text.xcconfig; name = "Pods-EventChallenge.debug.xcconfig"; path = "Target Support Files/Pods-EventChallenge/Pods-EventChallenge.debug.xcconfig"; sourceTree = "<group>"; };
		C713487D071D49B3217EFC05 /* Pods-EventChallenge.release.xcconfig */ = {isa = PBXFileReference; includeInIndex = 1; lastKnownFileType = text.xcconfig; name = "Pods-EventChallenge.release.xcconfig"; path = "Target Support Files/Pods-EventChallenge/Pods-EventChallenge.release.xcconfig"; sourceTree = "<group>"; };
		D9FD3EC6CA198ED45AD7A5A1 /* Pods_EventChallenge.framework */ = {isa = PBXFileReference; explicitFileType = wrapper.framework; includeInIndex = 0; path = Pods_EventChallenge.framework; sourceTree = BUILT_PRODUCTS_DIR; };
/* End PBXFileReference section */

/* Begin PBXFrameworksBuildPhase section */
		A92A96B425DB0E20004E60E7 /* Frameworks */ = {
			isa = PBXFrameworksBuildPhase;
			buildActionMask = 2147483647;
			files = (
				11245CA2C0E3DC06D8DD8D87 /* Pods_EventChallenge.framework in Frameworks */,
			);
			runOnlyForDeploymentPostprocessing = 0;
		};
		A92A96CA25DB0E21004E60E7 /* Frameworks */ = {
			isa = PBXFrameworksBuildPhase;
			buildActionMask = 2147483647;
			files = (
				B7CEEADDE19A9193AB92AD9C /* Pods_EventChallengeTests.framework in Frameworks */,
			);
			runOnlyForDeploymentPostprocessing = 0;
		};
		A92A96D525DB0E21004E60E7 /* Frameworks */ = {
			isa = PBXFrameworksBuildPhase;
			buildActionMask = 2147483647;
			files = (
				7AF2BE315581B3F7BFD710A8 /* Pods_EventChallenge_EventChallengeUITests.framework in Frameworks */,
			);
			runOnlyForDeploymentPostprocessing = 0;
		};
/* End PBXFrameworksBuildPhase section */

/* Begin PBXGroup section */
		2BD29BC23D7E51305F8A44F4 /* Frameworks */ = {
			isa = PBXGroup;
			children = (
				D9FD3EC6CA198ED45AD7A5A1 /* Pods_EventChallenge.framework */,
				6C1F792DEE656E1CC9E86895 /* Pods_EventChallenge_EventChallengeUITests.framework */,
				5E1745B1F8CC8442B7655488 /* Pods_EventChallengeTests.framework */,
			);
			name = Frameworks;
			sourceTree = "<group>";
		};
		A4E9A611E177C02855719E66 /* Pods */ = {
			isa = PBXGroup;
			children = (
				C1A1CEE9C2BB5C7B4F505F05 /* Pods-EventChallenge.debug.xcconfig */,
				C713487D071D49B3217EFC05 /* Pods-EventChallenge.release.xcconfig */,
				A9E253E12C8264DA00D35144 /* Pods-EventChallenge-EventChallengeUITests.debug.xcconfig */,
				12FDA5B64CE2AD1E0A1F34B4 /* Pods-EventChallenge-EventChallengeUITests.release.xcconfig */,
				35C6638F34CF3FE0D01AF352 /* Pods-EventChallengeTests.debug.xcconfig */,
				1DE5E415AD4D1E7FFABA095B /* Pods-EventChallengeTests.release.xcconfig */,
			);
			path = Pods;
			sourceTree = "<group>";
		};
		A92A96AE25DB0E20004E60E7 = {
			isa = PBXGroup;
			children = (
				A92A96B925DB0E20004E60E7 /* EventChallenge */,
				A92A96D025DB0E21004E60E7 /* EventChallengeTests */,
				A92A96DB25DB0E21004E60E7 /* EventChallengeUITests */,
				A92A96B825DB0E20004E60E7 /* Products */,
				A4E9A611E177C02855719E66 /* Pods */,
				2BD29BC23D7E51305F8A44F4 /* Frameworks */,
			);
			sourceTree = "<group>";
		};
		A92A96B825DB0E20004E60E7 /* Products */ = {
			isa = PBXGroup;
			children = (
				A92A96B725DB0E20004E60E7 /* EventChallenge.app */,
				A92A96CD25DB0E21004E60E7 /* EventChallengeTests.xctest */,
				A92A96D825DB0E21004E60E7 /* EventChallengeUITests.xctest */,
			);
			name = Products;
			sourceTree = "<group>";
		};
		A92A96B925DB0E20004E60E7 /* EventChallenge */ = {
			isa = PBXGroup;
			children = (
				A92A973E25DCA021004E60E7 /* extensions */,
				A92A96F625DB3CD7004E60E7 /* model */,
				A92A96F725DB3CDD004E60E7 /* modules */,
				A92A973825DC974A004E60E7 /* util */,
				A92A96BA25DB0E20004E60E7 /* AppDelegate.swift */,
				A92A96C325DB0E20004E60E7 /* Assets.xcassets */,
				A92A96C525DB0E20004E60E7 /* LaunchScreen.storyboard */,
				A92A96C825DB0E20004E60E7 /* Info.plist */,
			);
			path = EventChallenge;
			sourceTree = "<group>";
		};
		A92A96D025DB0E21004E60E7 /* EventChallengeTests */ = {
			isa = PBXGroup;
			children = (
				A92A979325DD1F1D004E60E7 /* mock */,
				A92A978825DD1D0C004E60E7 /* modules */,
				A92A96D125DB0E21004E60E7 /* EventChallengeTests.swift */,
				A92A96D325DB0E21004E60E7 /* Info.plist */,
			);
			path = EventChallengeTests;
			sourceTree = "<group>";
		};
		A92A96DB25DB0E21004E60E7 /* EventChallengeUITests */ = {
			isa = PBXGroup;
			children = (
				A92A96DC25DB0E21004E60E7 /* EventChallengeUITests.swift */,
				A92A96DE25DB0E21004E60E7 /* Info.plist */,
			);
			path = EventChallengeUITests;
			sourceTree = "<group>";
		};
		A92A96F625DB3CD7004E60E7 /* model */ = {
			isa = PBXGroup;
			children = (
				A92A96F825DB3CF3004E60E7 /* event */,
			);
			path = model;
			sourceTree = "<group>";
		};
		A92A96F725DB3CDD004E60E7 /* modules */ = {
			isa = PBXGroup;
			children = (
				A92A975025DCA353004E60E7 /* eventDetails */,
				A92A96FF25DB3EED004E60E7 /* eventList */,
			);
			path = modules;
			sourceTree = "<group>";
		};
		A92A96F825DB3CF3004E60E7 /* event */ = {
			isa = PBXGroup;
			children = (
				A92A96F925DB3D00004E60E7 /* Event.swift */,
			);
			path = event;
			sourceTree = "<group>";
		};
		A92A96FF25DB3EED004E60E7 /* eventList */ = {
			isa = PBXGroup;
			children = (
				A92A970025DB3F18004E60E7 /* protocols */,
				A92A971325DC54F5004E60E7 /* presenter */,
				A92A971525DC5506004E60E7 /* service */,
				A92A971425DC54FD004E60E7 /* view */,
			);
			path = eventList;
			sourceTree = "<group>";
		};
		A92A970025DB3F18004E60E7 /* protocols */ = {
			isa = PBXGroup;
			children = (
				A92A970925DC3F89004E60E7 /* EventListPresenterProtocol.swift */,
				A92A970125DC3D92004E60E7 /* EventListServiceProtocol.swift */,
				A92A970E25DC3F9A004E60E7 /* EventListViewProtocol.swift */,
			);
			path = protocols;
			sourceTree = "<group>";
		};
		A92A971325DC54F5004E60E7 /* presenter */ = {
			isa = PBXGroup;
			children = (
				A92A971B25DC55E0004E60E7 /* EventListPresenter.swift */,
			);
			path = presenter;
			sourceTree = "<group>";
		};
		A92A971425DC54FD004E60E7 /* view */ = {
			isa = PBXGroup;
			children = (
				A92A972725DC8B9C004E60E7 /* cell */,
				A92A972025DC56B0004E60E7 /* EventListVC.swift */,
				A92A972125DC56B0004E60E7 /* EventListVC.xib */,
			);
			path = view;
			sourceTree = "<group>";
		};
		A92A971525DC5506004E60E7 /* service */ = {
			isa = PBXGroup;
			children = (
				A92A971625DC556F004E60E7 /* EventListService.swift */,
			);
			path = service;
			sourceTree = "<group>";
		};
		A92A972725DC8B9C004E60E7 /* cell */ = {
			isa = PBXGroup;
			children = (
				A92A972825DC8BBF004E60E7 /* EventListCell.swift */,
				A92A972925DC8BBF004E60E7 /* EventListCell.xib */,
			);
			path = cell;
			sourceTree = "<group>";
		};
		A92A973825DC974A004E60E7 /* util */ = {
			isa = PBXGroup;
			children = (
				A92A973925DC9758004E60E7 /* BaseService.swift */,
				A92A977D25DCBFA6004E60E7 /* RoundButton.swift */,
			);
			path = util;
			sourceTree = "<group>";
		};
		A92A973E25DCA021004E60E7 /* extensions */ = {
			isa = PBXGroup;
			children = (
				A92A973F25DCA031004E60E7 /* Date+Format.swift */,
			);
			path = extensions;
			sourceTree = "<group>";
		};
		A92A975025DCA353004E60E7 /* eventDetails */ = {
			isa = PBXGroup;
			children = (
				A92A975125DCA4E8004E60E7 /* protocols */,
				A92A976625DCA65F004E60E7 /* presenter */,
				A92A976525DCA658004E60E7 /* service */,
				A92A976425DCA650004E60E7 /* view */,
			);
			path = eventDetails;
			sourceTree = "<group>";
		};
		A92A975125DCA4E8004E60E7 /* protocols */ = {
			isa = PBXGroup;
			children = (
				A92A975C25DCA51F004E60E7 /* EventDetailsPresenterProtocol.swift */,
				A92A975725DCA50D004E60E7 /* EventDetailsServiceProtocol.swift */,
				A92A975225DCA4FE004E60E7 /* EventDetailsViewProtocol.swift */,
			);
			path = protocols;
			sourceTree = "<group>";
		};
		A92A976425DCA650004E60E7 /* view */ = {
			isa = PBXGroup;
			children = (
				A92A977125DCA7D4004E60E7 /* EventDetailsVC.swift */,
				A92A977225DCA7D4004E60E7 /* EventDetailsVC.xib */,
			);
			path = view;
			sourceTree = "<group>";
		};
		A92A976525DCA658004E60E7 /* service */ = {
			isa = PBXGroup;
			children = (
				A92A976725DCA679004E60E7 /* EventDetailsService.swift */,
			);
			path = service;
			sourceTree = "<group>";
		};
		A92A976625DCA65F004E60E7 /* presenter */ = {
			isa = PBXGroup;
			children = (
				A92A976C25DCA760004E60E7 /* EventDetailsPresenter.swift */,
			);
			path = presenter;
			sourceTree = "<group>";
		};
		A92A978825DD1D0C004E60E7 /* modules */ = {
			isa = PBXGroup;
			children = (
				A92A97CC25DD2866004E60E7 /* eventDetails */,
				A92A978925DD1D17004E60E7 /* eventList */,
			);
			path = modules;
			sourceTree = "<group>";
		};
		A92A978925DD1D17004E60E7 /* eventList */ = {
			isa = PBXGroup;
			children = (
				A92A97C325DD2555004E60E7 /* service */,
				A92A978A25DD1D1D004E60E7 /* view */,
			);
			path = eventList;
			sourceTree = "<group>";
		};
		A92A978A25DD1D1D004E60E7 /* view */ = {
			isa = PBXGroup;
			children = (
				A92A978B25DD1D4E004E60E7 /* EventListVCTests.swift */,
			);
			path = view;
			sourceTree = "<group>";
		};
		A92A979325DD1F1D004E60E7 /* mock */ = {
			isa = PBXGroup;
			children = (
				A92A979425DD1F23004E60E7 /* modules */,
				A92A97F125DD2A4A004E60E7 /* MockServiceType.swift */,
			);
			path = mock;
			sourceTree = "<group>";
		};
		A92A979425DD1F23004E60E7 /* modules */ = {
			isa = PBXGroup;
			children = (
				A92A97CD25DD288A004E60E7 /* eventDetails */,
				A92A979525DD1F29004E60E7 /* eventList */,
			);
			path = modules;
			sourceTree = "<group>";
		};
		A92A979525DD1F29004E60E7 /* eventList */ = {
			isa = PBXGroup;
			children = (
				A92A97AC25DD2041004E60E7 /* service */,
				A92A979625DD1F36004E60E7 /* view */,
			);
			path = eventList;
			sourceTree = "<group>";
		};
		A92A979625DD1F36004E60E7 /* view */ = {
			isa = PBXGroup;
			children = (
				A92A979725DD1F5D004E60E7 /* EventListVCMockSuccess.swift */,
				A92A97A725DD1FE7004E60E7 /* EventListVCMockError.swift */,
			);
			path = view;
			sourceTree = "<group>";
		};
		A92A97AC25DD2041004E60E7 /* service */ = {
			isa = PBXGroup;
			children = (
				A92A97AD25DD2066004E60E7 /* EventListServiceMock.swift */,
				A92A97B525DD2130004E60E7 /* EventListServiceErrorMock.swift */,
			);
			path = service;
			sourceTree = "<group>";
		};
		A92A97C325DD2555004E60E7 /* service */ = {
			isa = PBXGroup;
			children = (
				A92A97C425DD2584004E60E7 /* EventListServiceTests.swift */,
			);
			path = service;
			sourceTree = "<group>";
		};
		A92A97CC25DD2866004E60E7 /* eventDetails */ = {
			isa = PBXGroup;
			children = (
				A92A97E825DD29A8004E60E7 /* service */,
				A92A97E725DD29A4004E60E7 /* view */,
			);
			path = eventDetails;
			sourceTree = "<group>";
		};
		A92A97CD25DD288A004E60E7 /* eventDetails */ = {
			isa = PBXGroup;
			children = (
				A92A97CF25DD2897004E60E7 /* service */,
				A92A97CE25DD2892004E60E7 /* view */,
			);
			path = eventDetails;
			sourceTree = "<group>";
		};
		A92A97CE25DD2892004E60E7 /* view */ = {
			isa = PBXGroup;
			children = (
				A92A97DD25DD292B004E60E7 /* EventDetailsVCMockSuccess.swift */,
				A92A97E225DD295B004E60E7 /* EventDetailsVCMockError.swift */,
			);
			path = view;
			sourceTree = "<group>";
		};
		A92A97CF25DD2897004E60E7 /* service */ = {
			isa = PBXGroup;
			children = (
				A92A97D025DD28AB004E60E7 /* EventDetailsServiceMock.swift */,
				A92A97D825DD28BB004E60E7 /* EventDetailsServiceErrorMock.swift */,
			);
			path = service;
			sourceTree = "<group>";
		};
		A92A97E725DD29A4004E60E7 /* view */ = {
			isa = PBXGroup;
			children = (
				A92A97F625DD2A75004E60E7 /* EventDetailsVCTests.swift */,
			);
			path = view;
			sourceTree = "<group>";
		};
		A92A97E825DD29A8004E60E7 /* service */ = {
			isa = PBXGroup;
			children = (
				A92A97E925DD29BF004E60E7 /* EventDetailsServiceTests.swift */,
			);
			path = service;
			sourceTree = "<group>";
		};
/* End PBXGroup section */

/* Begin PBXNativeTarget section */
		A92A96B625DB0E20004E60E7 /* EventChallenge */ = {
			isa = PBXNativeTarget;
			buildConfigurationList = A92A96E125DB0E21004E60E7 /* Build configuration list for PBXNativeTarget "EventChallenge" */;
			buildPhases = (
				A7C16A21769F34043477E231 /* [CP] Check Pods Manifest.lock */,
				A92A96B325DB0E20004E60E7 /* Sources */,
				A92A96B425DB0E20004E60E7 /* Frameworks */,
				A92A96B525DB0E20004E60E7 /* Resources */,
				35737383F9885A8B5A74A8C2 /* [CP] Embed Pods Frameworks */,
			);
			buildRules = (
			);
			dependencies = (
			);
			name = EventChallenge;
			productName = EventChallenge;
			productReference = A92A96B725DB0E20004E60E7 /* EventChallenge.app */;
			productType = "com.apple.product-type.application";
		};
		A92A96CC25DB0E21004E60E7 /* EventChallengeTests */ = {
			isa = PBXNativeTarget;
			buildConfigurationList = A92A96E425DB0E21004E60E7 /* Build configuration list for PBXNativeTarget "EventChallengeTests" */;
			buildPhases = (
				C7680E5EECBA4B7B95C9E160 /* [CP] Check Pods Manifest.lock */,
				A92A96C925DB0E21004E60E7 /* Sources */,
				A92A96CA25DB0E21004E60E7 /* Frameworks */,
				A92A96CB25DB0E21004E60E7 /* Resources */,
			);
			buildRules = (
			);
			dependencies = (
				A92A96CF25DB0E21004E60E7 /* PBXTargetDependency */,
			);
			name = EventChallengeTests;
			productName = EventChallengeTests;
			productReference = A92A96CD25DB0E21004E60E7 /* EventChallengeTests.xctest */;
			productType = "com.apple.product-type.bundle.unit-test";
		};
		A92A96D725DB0E21004E60E7 /* EventChallengeUITests */ = {
			isa = PBXNativeTarget;
			buildConfigurationList = A92A96E725DB0E21004E60E7 /* Build configuration list for PBXNativeTarget "EventChallengeUITests" */;
			buildPhases = (
				DD78B45EF7211188EC7E267E /* [CP] Check Pods Manifest.lock */,
				A92A96D425DB0E21004E60E7 /* Sources */,
				A92A96D525DB0E21004E60E7 /* Frameworks */,
				A92A96D625DB0E21004E60E7 /* Resources */,
				67869DFD810EF426B576559C /* [CP] Embed Pods Frameworks */,
			);
			buildRules = (
			);
			dependencies = (
				A92A96DA25DB0E21004E60E7 /* PBXTargetDependency */,
			);
			name = EventChallengeUITests;
			productName = EventChallengeUITests;
			productReference = A92A96D825DB0E21004E60E7 /* EventChallengeUITests.xctest */;
			productType = "com.apple.product-type.bundle.ui-testing";
		};
/* End PBXNativeTarget section */

/* Begin PBXProject section */
		A92A96AF25DB0E20004E60E7 /* Project object */ = {
			isa = PBXProject;
			attributes = {
				LastSwiftUpdateCheck = 1240;
				LastUpgradeCheck = 1240;
				TargetAttributes = {
					A92A96B625DB0E20004E60E7 = {
						CreatedOnToolsVersion = 12.4;
					};
					A92A96CC25DB0E21004E60E7 = {
						CreatedOnToolsVersion = 12.4;
						TestTargetID = A92A96B625DB0E20004E60E7;
					};
					A92A96D725DB0E21004E60E7 = {
						CreatedOnToolsVersion = 12.4;
						TestTargetID = A92A96B625DB0E20004E60E7;
					};
				};
			};
			buildConfigurationList = A92A96B225DB0E20004E60E7 /* Build configuration list for PBXProject "EventChallenge" */;
			compatibilityVersion = "Xcode 9.3";
			developmentRegion = en;
			hasScannedForEncodings = 0;
			knownRegions = (
				en,
				Base,
			);
			mainGroup = A92A96AE25DB0E20004E60E7;
			productRefGroup = A92A96B825DB0E20004E60E7 /* Products */;
			projectDirPath = "";
			projectRoot = "";
			targets = (
				A92A96B625DB0E20004E60E7 /* EventChallenge */,
				A92A96CC25DB0E21004E60E7 /* EventChallengeTests */,
				A92A96D725DB0E21004E60E7 /* EventChallengeUITests */,
			);
		};
/* End PBXProject section */

/* Begin PBXResourcesBuildPhase section */
		A92A96B525DB0E20004E60E7 /* Resources */ = {
			isa = PBXResourcesBuildPhase;
			buildActionMask = 2147483647;
			files = (
				A92A972B25DC8BBF004E60E7 /* EventListCell.xib in Resources */,
				A92A977425DCA7D4004E60E7 /* EventDetailsVC.xib in Resources */,
				A92A972325DC56B0004E60E7 /* EventListVC.xib in Resources */,
				A92A96C725DB0E20004E60E7 /* LaunchScreen.storyboard in Resources */,
				A92A96C425DB0E20004E60E7 /* Assets.xcassets in Resources */,
			);
			runOnlyForDeploymentPostprocessing = 0;
		};
		A92A96CB25DB0E21004E60E7 /* Resources */ = {
			isa = PBXResourcesBuildPhase;
			buildActionMask = 2147483647;
			files = (
			);
			runOnlyForDeploymentPostprocessing = 0;
		};
		A92A96D625DB0E21004E60E7 /* Resources */ = {
			isa = PBXResourcesBuildPhase;
			buildActionMask = 2147483647;
			files = (
			);
			runOnlyForDeploymentPostprocessing = 0;
		};
/* End PBXResourcesBuildPhase section */

/* Begin PBXShellScriptBuildPhase section */
		35737383F9885A8B5A74A8C2 /* [CP] Embed Pods Frameworks */ = {
			isa = PBXShellScriptBuildPhase;
			buildActionMask = 2147483647;
			files = (
			);
			inputFileListPaths = (
				"${PODS_ROOT}/Target Support Files/Pods-EventChallenge/Pods-EventChallenge-frameworks-${CONFIGURATION}-input-files.xcfilelist",
			);
			name = "[CP] Embed Pods Frameworks";
			outputFileListPaths = (
				"${PODS_ROOT}/Target Support Files/Pods-EventChallenge/Pods-EventChallenge-frameworks-${CONFIGURATION}-output-files.xcfilelist",
			);
			runOnlyForDeploymentPostprocessing = 0;
			shellPath = /bin/sh;
			shellScript = "\"${PODS_ROOT}/Target Support Files/Pods-EventChallenge/Pods-EventChallenge-frameworks.sh\"\n";
			showEnvVarsInLog = 0;
		};
		67869DFD810EF426B576559C /* [CP] Embed Pods Frameworks */ = {
			isa = PBXShellScriptBuildPhase;
			buildActionMask = 2147483647;
			files = (
			);
			inputFileListPaths = (
				"${PODS_ROOT}/Target Support Files/Pods-EventChallenge-EventChallengeUITests/Pods-EventChallenge-EventChallengeUITests-frameworks-${CONFIGURATION}-input-files.xcfilelist",
			);
			name = "[CP] Embed Pods Frameworks";
			outputFileListPaths = (
				"${PODS_ROOT}/Target Support Files/Pods-EventChallenge-EventChallengeUITests/Pods-EventChallenge-EventChallengeUITests-frameworks-${CONFIGURATION}-output-files.xcfilelist",
			);
			runOnlyForDeploymentPostprocessing = 0;
			shellPath = /bin/sh;
			shellScript = "\"${PODS_ROOT}/Target Support Files/Pods-EventChallenge-EventChallengeUITests/Pods-EventChallenge-EventChallengeUITests-frameworks.sh\"\n";
			showEnvVarsInLog = 0;
		};
		A7C16A21769F34043477E231 /* [CP] Check Pods Manifest.lock */ = {
			isa = PBXShellScriptBuildPhase;
			buildActionMask = 2147483647;
			files = (
			);
			inputFileListPaths = (
			);
			inputPaths = (
				"${PODS_PODFILE_DIR_PATH}/Podfile.lock",
				"${PODS_ROOT}/Manifest.lock",
			);
			name = "[CP] Check Pods Manifest.lock";
			outputFileListPaths = (
			);
			outputPaths = (
				"$(DERIVED_FILE_DIR)/Pods-EventChallenge-checkManifestLockResult.txt",
			);
			runOnlyForDeploymentPostprocessing = 0;
			shellPath = /bin/sh;
			shellScript = "diff \"${PODS_PODFILE_DIR_PATH}/Podfile.lock\" \"${PODS_ROOT}/Manifest.lock\" > /dev/null\nif [ $? != 0 ] ; then\n    # print error to STDERR\n    echo \"error: The sandbox is not in sync with the Podfile.lock. Run 'pod install' or update your CocoaPods installation.\" >&2\n    exit 1\nfi\n# This output is used by Xcode 'outputs' to avoid re-running this script phase.\necho \"SUCCESS\" > \"${SCRIPT_OUTPUT_FILE_0}\"\n";
			showEnvVarsInLog = 0;
		};
		C7680E5EECBA4B7B95C9E160 /* [CP] Check Pods Manifest.lock */ = {
			isa = PBXShellScriptBuildPhase;
			buildActionMask = 2147483647;
			files = (
			);
			inputFileListPaths = (
			);
			inputPaths = (
				"${PODS_PODFILE_DIR_PATH}/Podfile.lock",
				"${PODS_ROOT}/Manifest.lock",
			);
			name = "[CP] Check Pods Manifest.lock";
			outputFileListPaths = (
			);
			outputPaths = (
				"$(DERIVED_FILE_DIR)/Pods-EventChallengeTests-checkManifestLockResult.txt",
			);
			runOnlyForDeploymentPostprocessing = 0;
			shellPath = /bin/sh;
			shellScript = "diff \"${PODS_PODFILE_DIR_PATH}/Podfile.lock\" \"${PODS_ROOT}/Manifest.lock\" > /dev/null\nif [ $? != 0 ] ; then\n    # print error to STDERR\n    echo \"error: The sandbox is not in sync with the Podfile.lock. Run 'pod install' or update your CocoaPods installation.\" >&2\n    exit 1\nfi\n# This output is used by Xcode 'outputs' to avoid re-running this script phase.\necho \"SUCCESS\" > \"${SCRIPT_OUTPUT_FILE_0}\"\n";
			showEnvVarsInLog = 0;
		};
		DD78B45EF7211188EC7E267E /* [CP] Check Pods Manifest.lock */ = {
			isa = PBXShellScriptBuildPhase;
			buildActionMask = 2147483647;
			files = (
			);
			inputFileListPaths = (
			);
			inputPaths = (
				"${PODS_PODFILE_DIR_PATH}/Podfile.lock",
				"${PODS_ROOT}/Manifest.lock",
			);
			name = "[CP] Check Pods Manifest.lock";
			outputFileListPaths = (
			);
			outputPaths = (
				"$(DERIVED_FILE_DIR)/Pods-EventChallenge-EventChallengeUITests-checkManifestLockResult.txt",
			);
			runOnlyForDeploymentPostprocessing = 0;
			shellPath = /bin/sh;
			shellScript = "diff \"${PODS_PODFILE_DIR_PATH}/Podfile.lock\" \"${PODS_ROOT}/Manifest.lock\" > /dev/null\nif [ $? != 0 ] ; then\n    # print error to STDERR\n    echo \"error: The sandbox is not in sync with the Podfile.lock. Run 'pod install' or update your CocoaPods installation.\" >&2\n    exit 1\nfi\n# This output is used by Xcode 'outputs' to avoid re-running this script phase.\necho \"SUCCESS\" > \"${SCRIPT_OUTPUT_FILE_0}\"\n";
			showEnvVarsInLog = 0;
		};
/* End PBXShellScriptBuildPhase section */

/* Begin PBXSourcesBuildPhase section */
		A92A96B325DB0E20004E60E7 /* Sources */ = {
			isa = PBXSourcesBuildPhase;
			buildActionMask = 2147483647;
			files = (
				A92A977E25DCBFA6004E60E7 /* RoundButton.swift in Sources */,
				A92A975D25DCA51F004E60E7 /* EventDetailsPresenterProtocol.swift in Sources */,
				A92A971725DC556F004E60E7 /* EventListService.swift in Sources */,
				A92A970225DC3D92004E60E7 /* EventListServiceProtocol.swift in Sources */,
				A92A970F25DC3F9A004E60E7 /* EventListViewProtocol.swift in Sources */,
				A92A975825DCA50D004E60E7 /* EventDetailsServiceProtocol.swift in Sources */,
				A92A972225DC56B0004E60E7 /* EventListVC.swift in Sources */,
				A92A976D25DCA760004E60E7 /* EventDetailsPresenter.swift in Sources */,
				A92A971C25DC55E0004E60E7 /* EventListPresenter.swift in Sources */,
				A92A96FA25DB3D00004E60E7 /* Event.swift in Sources */,
				A92A975325DCA4FE004E60E7 /* EventDetailsViewProtocol.swift in Sources */,
				A92A974025DCA031004E60E7 /* Date+Format.swift in Sources */,
				A92A970A25DC3F89004E60E7 /* EventListPresenterProtocol.swift in Sources */,
				A92A972A25DC8BBF004E60E7 /* EventListCell.swift in Sources */,
				A92A973A25DC9758004E60E7 /* BaseService.swift in Sources */,
				A92A977325DCA7D4004E60E7 /* EventDetailsVC.swift in Sources */,
				A92A976825DCA679004E60E7 /* EventDetailsService.swift in Sources */,
				A92A96BB25DB0E20004E60E7 /* AppDelegate.swift in Sources */,
			);
			runOnlyForDeploymentPostprocessing = 0;
		};
		A92A96C925DB0E21004E60E7 /* Sources */ = {
			isa = PBXSourcesBuildPhase;
			buildActionMask = 2147483647;
			files = (
				A92A97DE25DD292B004E60E7 /* EventDetailsVCMockSuccess.swift in Sources */,
				A92A97A825DD1FE7004E60E7 /* EventListVCMockError.swift in Sources */,
				A92A97B625DD2130004E60E7 /* EventListServiceErrorMock.swift in Sources */,
				A92A97D925DD28BB004E60E7 /* EventDetailsServiceErrorMock.swift in Sources */,
				A92A97F725DD2A75004E60E7 /* EventDetailsVCTests.swift in Sources */,
				A92A97E325DD295B004E60E7 /* EventDetailsVCMockError.swift in Sources */,
				A92A96D225DB0E21004E60E7 /* EventChallengeTests.swift in Sources */,
				A92A97D125DD28AB004E60E7 /* EventDetailsServiceMock.swift in Sources */,
				A92A97AE25DD2066004E60E7 /* EventListServiceMock.swift in Sources */,
				A92A97C525DD2584004E60E7 /* EventListServiceTests.swift in Sources */,
				A92A97EA25DD29BF004E60E7 /* EventDetailsServiceTests.swift in Sources */,
				A92A97F225DD2A4A004E60E7 /* MockServiceType.swift in Sources */,
				A92A978C25DD1D4E004E60E7 /* EventListVCTests.swift in Sources */,
				A92A979825DD1F5D004E60E7 /* EventListVCMockSuccess.swift in Sources */,
			);
			runOnlyForDeploymentPostprocessing = 0;
		};
		A92A96D425DB0E21004E60E7 /* Sources */ = {
			isa = PBXSourcesBuildPhase;
			buildActionMask = 2147483647;
			files = (
				A92A96DD25DB0E21004E60E7 /* EventChallengeUITests.swift in Sources */,
			);
			runOnlyForDeploymentPostprocessing = 0;
		};
/* End PBXSourcesBuildPhase section */

/* Begin PBXTargetDependency section */
		A92A96CF25DB0E21004E60E7 /* PBXTargetDependency */ = {
			isa = PBXTargetDependency;
			target = A92A96B625DB0E20004E60E7 /* EventChallenge */;
			targetProxy = A92A96CE25DB0E21004E60E7 /* PBXContainerItemProxy */;
		};
		A92A96DA25DB0E21004E60E7 /* PBXTargetDependency */ = {
			isa = PBXTargetDependency;
			target = A92A96B625DB0E20004E60E7 /* EventChallenge */;
			targetProxy = A92A96D925DB0E21004E60E7 /* PBXContainerItemProxy */;
		};
/* End PBXTargetDependency section */

/* Begin PBXVariantGroup section */
		A92A96C525DB0E20004E60E7 /* LaunchScreen.storyboard */ = {
			isa = PBXVariantGroup;
			children = (
				A92A96C625DB0E20004E60E7 /* Base */,
			);
			name = LaunchScreen.storyboard;
			sourceTree = "<group>";
		};
/* End PBXVariantGroup section */

/* Begin XCBuildConfiguration section */
		A92A96DF25DB0E21004E60E7 /* Debug */ = {
			isa = XCBuildConfiguration;
			buildSettings = {
				ALWAYS_SEARCH_USER_PATHS = NO;
				CLANG_ANALYZER_NONNULL = YES;
				CLANG_ANALYZER_NUMBER_OBJECT_CONVERSION = YES_AGGRESSIVE;
				CLANG_CXX_LANGUAGE_STANDARD = "gnu++14";
				CLANG_CXX_LIBRARY = "libc++";
				CLANG_ENABLE_MODULES = YES;
				CLANG_ENABLE_OBJC_ARC = YES;
				CLANG_ENABLE_OBJC_WEAK = YES;
				CLANG_WARN_BLOCK_CAPTURE_AUTORELEASING = YES;
				CLANG_WARN_BOOL_CONVERSION = YES;
				CLANG_WARN_COMMA = YES;
				CLANG_WARN_CONSTANT_CONVERSION = YES;
				CLANG_WARN_DEPRECATED_OBJC_IMPLEMENTATIONS = YES;
				CLANG_WARN_DIRECT_OBJC_ISA_USAGE = YES_ERROR;
				CLANG_WARN_DOCUMENTATION_COMMENTS = YES;
				CLANG_WARN_EMPTY_BODY = YES;
				CLANG_WARN_ENUM_CONVERSION = YES;
				CLANG_WARN_INFINITE_RECURSION = YES;
				CLANG_WARN_INT_CONVERSION = YES;
				CLANG_WARN_NON_LITERAL_NULL_CONVERSION = YES;
				CLANG_WARN_OBJC_IMPLICIT_RETAIN_SELF = YES;
				CLANG_WARN_OBJC_LITERAL_CONVERSION = YES;
				CLANG_WARN_OBJC_ROOT_CLASS = YES_ERROR;
				CLANG_WARN_QUOTED_INCLUDE_IN_FRAMEWORK_HEADER = YES;
				CLANG_WARN_RANGE_LOOP_ANALYSIS = YES;
				CLANG_WARN_STRICT_PROTOTYPES = YES;
				CLANG_WARN_SUSPICIOUS_MOVE = YES;
				CLANG_WARN_UNGUARDED_AVAILABILITY = YES_AGGRESSIVE;
				CLANG_WARN_UNREACHABLE_CODE = YES;
				CLANG_WARN__DUPLICATE_METHOD_MATCH = YES;
				COPY_PHASE_STRIP = NO;
				DEBUG_INFORMATION_FORMAT = dwarf;
				ENABLE_STRICT_OBJC_MSGSEND = YES;
				ENABLE_TESTABILITY = YES;
				GCC_C_LANGUAGE_STANDARD = gnu11;
				GCC_DYNAMIC_NO_PIC = NO;
				GCC_NO_COMMON_BLOCKS = YES;
				GCC_OPTIMIZATION_LEVEL = 0;
				GCC_PREPROCESSOR_DEFINITIONS = (
					"DEBUG=1",
					"$(inherited)",
				);
				GCC_WARN_64_TO_32_BIT_CONVERSION = YES;
				GCC_WARN_ABOUT_RETURN_TYPE = YES_ERROR;
				GCC_WARN_UNDECLARED_SELECTOR = YES;
				GCC_WARN_UNINITIALIZED_AUTOS = YES_AGGRESSIVE;
				GCC_WARN_UNUSED_FUNCTION = YES;
				GCC_WARN_UNUSED_VARIABLE = YES;
				IPHONEOS_DEPLOYMENT_TARGET = 14.4;
				MTL_ENABLE_DEBUG_INFO = INCLUDE_SOURCE;
				MTL_FAST_MATH = YES;
				ONLY_ACTIVE_ARCH = YES;
				SDKROOT = iphoneos;
				SWIFT_ACTIVE_COMPILATION_CONDITIONS = DEBUG;
				SWIFT_OPTIMIZATION_LEVEL = "-Onone";
			};
			name = Debug;
		};
		A92A96E025DB0E21004E60E7 /* Release */ = {
			isa = XCBuildConfiguration;
			buildSettings = {
				ALWAYS_SEARCH_USER_PATHS = NO;
				CLANG_ANALYZER_NONNULL = YES;
				CLANG_ANALYZER_NUMBER_OBJECT_CONVERSION = YES_AGGRESSIVE;
				CLANG_CXX_LANGUAGE_STANDARD = "gnu++14";
				CLANG_CXX_LIBRARY = "libc++";
				CLANG_ENABLE_MODULES = YES;
				CLANG_ENABLE_OBJC_ARC = YES;
				CLANG_ENABLE_OBJC_WEAK = YES;
				CLANG_WARN_BLOCK_CAPTURE_AUTORELEASING = YES;
				CLANG_WARN_BOOL_CONVERSION = YES;
				CLANG_WARN_COMMA = YES;
				CLANG_WARN_CONSTANT_CONVERSION = YES;
				CLANG_WARN_DEPRECATED_OBJC_IMPLEMENTATIONS = YES;
				CLANG_WARN_DIRECT_OBJC_ISA_USAGE = YES_ERROR;
				CLANG_WARN_DOCUMENTATION_COMMENTS = YES;
				CLANG_WARN_EMPTY_BODY = YES;
				CLANG_WARN_ENUM_CONVERSION = YES;
				CLANG_WARN_INFINITE_RECURSION = YES;
				CLANG_WARN_INT_CONVERSION = YES;
				CLANG_WARN_NON_LITERAL_NULL_CONVERSION = YES;
				CLANG_WARN_OBJC_IMPLICIT_RETAIN_SELF = YES;
				CLANG_WARN_OBJC_LITERAL_CONVERSION = YES;
				CLANG_WARN_OBJC_ROOT_CLASS = YES_ERROR;
				CLANG_WARN_QUOTED_INCLUDE_IN_FRAMEWORK_HEADER = YES;
				CLANG_WARN_RANGE_LOOP_ANALYSIS = YES;
				CLANG_WARN_STRICT_PROTOTYPES = YES;
				CLANG_WARN_SUSPICIOUS_MOVE = YES;
				CLANG_WARN_UNGUARDED_AVAILABILITY = YES_AGGRESSIVE;
				CLANG_WARN_UNREACHABLE_CODE = YES;
				CLANG_WARN__DUPLICATE_METHOD_MATCH = YES;
				COPY_PHASE_STRIP = NO;
				DEBUG_INFORMATION_FORMAT = "dwarf-with-dsym";
				ENABLE_NS_ASSERTIONS = NO;
				ENABLE_STRICT_OBJC_MSGSEND = YES;
				GCC_C_LANGUAGE_STANDARD = gnu11;
				GCC_NO_COMMON_BLOCKS = YES;
				GCC_WARN_64_TO_32_BIT_CONVERSION = YES;
				GCC_WARN_ABOUT_RETURN_TYPE = YES_ERROR;
				GCC_WARN_UNDECLARED_SELECTOR = YES;
				GCC_WARN_UNINITIALIZED_AUTOS = YES_AGGRESSIVE;
				GCC_WARN_UNUSED_FUNCTION = YES;
				GCC_WARN_UNUSED_VARIABLE = YES;
				IPHONEOS_DEPLOYMENT_TARGET = 14.4;
				MTL_ENABLE_DEBUG_INFO = NO;
				MTL_FAST_MATH = YES;
				SDKROOT = iphoneos;
				SWIFT_COMPILATION_MODE = wholemodule;
				SWIFT_OPTIMIZATION_LEVEL = "-O";
				VALIDATE_PRODUCT = YES;
			};
			name = Release;
		};
		A92A96E225DB0E21004E60E7 /* Debug */ = {
			isa = XCBuildConfiguration;
			baseConfigurationReference = C1A1CEE9C2BB5C7B4F505F05 /* Pods-EventChallenge.debug.xcconfig */;
			buildSettings = {
				ASSETCATALOG_COMPILER_APPICON_NAME = AppIcon;
				ASSETCATALOG_COMPILER_GLOBAL_ACCENT_COLOR_NAME = AccentColor;
				CODE_SIGN_STYLE = Automatic;
				INFOPLIST_FILE = EventChallenge/Info.plist;
				LD_RUNPATH_SEARCH_PATHS = (
					"$(inherited)",
					"@executable_path/Frameworks",
				);
				PRODUCT_BUNDLE_IDENTIFIER = br.com.eduardoherzer.EventChallenge;
				PRODUCT_NAME = "$(TARGET_NAME)";
				SWIFT_VERSION = 5.0;
				TARGETED_DEVICE_FAMILY = "1,2";
			};
			name = Debug;
		};
		A92A96E325DB0E21004E60E7 /* Release */ = {
			isa = XCBuildConfiguration;
			baseConfigurationReference = C713487D071D49B3217EFC05 /* Pods-EventChallenge.release.xcconfig */;
			buildSettings = {
				ASSETCATALOG_COMPILER_APPICON_NAME = AppIcon;
				ASSETCATALOG_COMPILER_GLOBAL_ACCENT_COLOR_NAME = AccentColor;
				CODE_SIGN_STYLE = Automatic;
				INFOPLIST_FILE = EventChallenge/Info.plist;
				LD_RUNPATH_SEARCH_PATHS = (
					"$(inherited)",
					"@executable_path/Frameworks",
				);
				PRODUCT_BUNDLE_IDENTIFIER = br.com.eduardoherzer.EventChallenge;
				PRODUCT_NAME = "$(TARGET_NAME)";
				SWIFT_VERSION = 5.0;
				TARGETED_DEVICE_FAMILY = "1,2";
			};
			name = Release;
		};
		A92A96E525DB0E21004E60E7 /* Debug */ = {
			isa = XCBuildConfiguration;
			baseConfigurationReference = 35C6638F34CF3FE0D01AF352 /* Pods-EventChallengeTests.debug.xcconfig */;
			buildSettings = {
				ALWAYS_EMBED_SWIFT_STANDARD_LIBRARIES = YES;
				BUNDLE_LOADER = "$(TEST_HOST)";
				CODE_SIGN_STYLE = Automatic;
				INFOPLIST_FILE = EventChallengeTests/Info.plist;
				IPHONEOS_DEPLOYMENT_TARGET = 14.4;
				LD_RUNPATH_SEARCH_PATHS = (
					"$(inherited)",
					"@executable_path/Frameworks",
					"@loader_path/Frameworks",
				);
				PRODUCT_BUNDLE_IDENTIFIER = br.com.eduardoherzer.EventChallengeTests;
				PRODUCT_NAME = "$(TARGET_NAME)";
				SWIFT_VERSION = 5.0;
				TARGETED_DEVICE_FAMILY = "1,2";
				TEST_HOST = "$(BUILT_PRODUCTS_DIR)/EventChallenge.app/EventChallenge";
			};
			name = Debug;
		};
		A92A96E625DB0E21004E60E7 /* Release */ = {
			isa = XCBuildConfiguration;
			baseConfigurationReference = 1DE5E415AD4D1E7FFABA095B /* Pods-EventChallengeTests.release.xcconfig */;
			buildSettings = {
				ALWAYS_EMBED_SWIFT_STANDARD_LIBRARIES = YES;
				BUNDLE_LOADER = "$(TEST_HOST)";
				CODE_SIGN_STYLE = Automatic;
				INFOPLIST_FILE = EventChallengeTests/Info.plist;
				IPHONEOS_DEPLOYMENT_TARGET = 14.4;
				LD_RUNPATH_SEARCH_PATHS = (
					"$(inherited)",
					"@executable_path/Frameworks",
					"@loader_path/Frameworks",
				);
				PRODUCT_BUNDLE_IDENTIFIER = br.com.eduardoherzer.EventChallengeTests;
				PRODUCT_NAME = "$(TARGET_NAME)";
				SWIFT_VERSION = 5.0;
				TARGETED_DEVICE_FAMILY = "1,2";
				TEST_HOST = "$(BUILT_PRODUCTS_DIR)/EventChallenge.app/EventChallenge";
			};
			name = Release;
		};
		A92A96E825DB0E21004E60E7 /* Debug */ = {
			isa = XCBuildConfiguration;
			baseConfigurationReference = A9E253E12C8264DA00D35144 /* Pods-EventChallenge-EventChallengeUITests.debug.xcconfig */;
			buildSettings = {
				ALWAYS_EMBED_SWIFT_STANDARD_LIBRARIES = YES;
				CODE_SIGN_STYLE = Automatic;
				INFOPLIST_FILE = EventChallengeUITests/Info.plist;
				LD_RUNPATH_SEARCH_PATHS = (
					"$(inherited)",
					"@executable_path/Frameworks",
					"@loader_path/Frameworks",
				);
				PRODUCT_BUNDLE_IDENTIFIER = br.com.eduardoherzer.EventChallengeUITests;
				PRODUCT_NAME = "$(TARGET_NAME)";
				SWIFT_VERSION = 5.0;
				TARGETED_DEVICE_FAMILY = "1,2";
				TEST_TARGET_NAME = EventChallenge;
			};
			name = Debug;
		};
		A92A96E925DB0E21004E60E7 /* Release */ = {
			isa = XCBuildConfiguration;
			baseConfigurationReference = 12FDA5B64CE2AD1E0A1F34B4 /* Pods-EventChallenge-EventChallengeUITests.release.xcconfig */;
			buildSettings = {
				ALWAYS_EMBED_SWIFT_STANDARD_LIBRARIES = YES;
				CODE_SIGN_STYLE = Automatic;
				INFOPLIST_FILE = EventChallengeUITests/Info.plist;
				LD_RUNPATH_SEARCH_PATHS = (
					"$(inherited)",
					"@executable_path/Frameworks",
					"@loader_path/Frameworks",
				);
				PRODUCT_BUNDLE_IDENTIFIER = br.com.eduardoherzer.EventChallengeUITests;
				PRODUCT_NAME = "$(TARGET_NAME)";
				SWIFT_VERSION = 5.0;
				TARGETED_DEVICE_FAMILY = "1,2";
				TEST_TARGET_NAME = EventChallenge;
			};
			name = Release;
		};
/* End XCBuildConfiguration section */

/* Begin XCConfigurationList section */
		A92A96B225DB0E20004E60E7 /* Build configuration list for PBXProject "EventChallenge" */ = {
			isa = XCConfigurationList;
			buildConfigurations = (
				A92A96DF25DB0E21004E60E7 /* Debug */,
				A92A96E025DB0E21004E60E7 /* Release */,
			);
			defaultConfigurationIsVisible = 0;
			defaultConfigurationName = Release;
		};
		A92A96E125DB0E21004E60E7 /* Build configuration list for PBXNativeTarget "EventChallenge" */ = {
			isa = XCConfigurationList;
			buildConfigurations = (
				A92A96E225DB0E21004E60E7 /* Debug */,
				A92A96E325DB0E21004E60E7 /* Release */,
			);
			defaultConfigurationIsVisible = 0;
			defaultConfigurationName = Release;
		};
		A92A96E425DB0E21004E60E7 /* Build configuration list for PBXNativeTarget "EventChallengeTests" */ = {
			isa = XCConfigurationList;
			buildConfigurations = (
				A92A96E525DB0E21004E60E7 /* Debug */,
				A92A96E625DB0E21004E60E7 /* Release */,
			);
			defaultConfigurationIsVisible = 0;
			defaultConfigurationName = Release;
		};
		A92A96E725DB0E21004E60E7 /* Build configuration list for PBXNativeTarget "EventChallengeUITests" */ = {
			isa = XCConfigurationList;
			buildConfigurations = (
				A92A96E825DB0E21004E60E7 /* Debug */,
				A92A96E925DB0E21004E60E7 /* Release */,
			);
			defaultConfigurationIsVisible = 0;
			defaultConfigurationName = Release;
		};
/* End XCConfigurationList section */
	};
	rootObject = A92A96AF25DB0E20004E60E7 /* Project object */;
}
